// !$*UTF8*$!
{
	archiveVersion = 1;
	classes = {
	};
	objectVersion = 46;
	objects = {

/* Begin PBXBuildFile section */
		6FE922351DA4ED450051CDD0 /* AppDelegate.swift in Sources */ = {isa = PBXBuildFile; fileRef = 6FE922341DA4ED450051CDD0 /* AppDelegate.swift */; };
		6FE922371DA4ED450051CDD0 /* ViewController.swift in Sources */ = {isa = PBXBuildFile; fileRef = 6FE922361DA4ED450051CDD0 /* ViewController.swift */; };
		6FE9223A1DA4ED450051CDD0 /* Main.storyboard in Resources */ = {isa = PBXBuildFile; fileRef = 6FE922381DA4ED450051CDD0 /* Main.storyboard */; };
		6FE9223C1DA4ED450051CDD0 /* Assets.xcassets in Resources */ = {isa = PBXBuildFile; fileRef = 6FE9223B1DA4ED450051CDD0 /* Assets.xcassets */; };
		6FE9223F1DA4ED450051CDD0 /* LaunchScreen.storyboard in Resources */ = {isa = PBXBuildFile; fileRef = 6FE9223D1DA4ED450051CDD0 /* LaunchScreen.storyboard */; };
		6FE9224A1DA4ED450051CDD0 /* PokemonUnitTestTests.swift in Sources */ = {isa = PBXBuildFile; fileRef = 6FE922491DA4ED450051CDD0 /* PokemonUnitTestTests.swift */; };
		6FE922551DA4ED760051CDD0 /* Pokemon.swift in Sources */ = {isa = PBXBuildFile; fileRef = 6FE922541DA4ED760051CDD0 /* Pokemon.swift */; };
/* End PBXBuildFile section */

/* Begin PBXContainerItemProxy section */
		6FE922461DA4ED450051CDD0 /* PBXContainerItemProxy */ = {
			isa = PBXContainerItemProxy;
			containerPortal = 6FE922291DA4ED450051CDD0 /* Project object */;
			proxyType = 1;
			remoteGlobalIDString = 6FE922301DA4ED450051CDD0;
			remoteInfo = PokemonUnitTest;
		};
/* End PBXContainerItemProxy section */

/* Begin PBXFileReference section */
		6FE922311DA4ED450051CDD0 /* PokemonUnitTest.app */ = {isa = PBXFileReference; explicitFileType = wrapper.application; includeInIndex = 0; path = PokemonUnitTest.app; sourceTree = BUILT_PRODUCTS_DIR; };
		6FE922341DA4ED450051CDD0 /* AppDelegate.swift */ = {isa = PBXFileReference; lastKnownFileType = sourcecode.swift; path = AppDelegate.swift; sourceTree = "<group>"; };
		6FE922361DA4ED450051CDD0 /* ViewController.swift */ = {isa = PBXFileReference; lastKnownFileType = sourcecode.swift; path = ViewController.swift; sourceTree = "<group>"; };
		6FE922391DA4ED450051CDD0 /* Base */ = {isa = PBXFileReference; lastKnownFileType = file.storyboard; name = Base; path = Base.lproj/Main.storyboard; sourceTree = "<group>"; };
		6FE9223B1DA4ED450051CDD0 /* Assets.xcassets */ = {isa = PBXFileReference; lastKnownFileType = folder.assetcatalog; path = Assets.xcassets; sourceTree = "<group>"; };
		6FE9223E1DA4ED450051CDD0 /* Base */ = {isa = PBXFileReference; lastKnownFileType = file.storyboard; name = Base; path = Base.lproj/LaunchScreen.storyboard; sourceTree = "<group>"; };
		6FE922401DA4ED450051CDD0 /* Info.plist */ = {isa = PBXFileReference; lastKnownFileType = text.plist.xml; path = Info.plist; sourceTree = "<group>"; };
		6FE922451DA4ED450051CDD0 /* PokemonUnitTestTests.xctest */ = {isa = PBXFileReference; explicitFileType = wrapper.cfbundle; includeInIndex = 0; path = PokemonUnitTestTests.xctest; sourceTree = BUILT_PRODUCTS_DIR; };
		6FE922491DA4ED450051CDD0 /* PokemonUnitTestTests.swift */ = {isa = PBXFileReference; lastKnownFileType = sourcecode.swift; path = PokemonUnitTestTests.swift; sourceTree = "<group>"; };
		6FE9224B1DA4ED450051CDD0 /* Info.plist */ = {isa = PBXFileReference; lastKnownFileType = text.plist.xml; path = Info.plist; sourceTree = "<group>"; };
		6FE922541DA4ED760051CDD0 /* Pokemon.swift */ = {isa = PBXFileReference; fileEncoding = 4; lastKnownFileType = sourcecode.swift; path = Pokemon.swift; sourceTree = "<group>"; };
/* End PBXFileReference section */

/* Begin PBXFrameworksBuildPhase section */
		6FE9222E1DA4ED450051CDD0 /* Frameworks */ = {
			isa = PBXFrameworksBuildPhase;
			buildActionMask = 2147483647;
			files = (
			);
			runOnlyForDeploymentPostprocessing = 0;
		};
		6FE922421DA4ED450051CDD0 /* Frameworks */ = {
			isa = PBXFrameworksBuildPhase;
			buildActionMask = 2147483647;
			files = (
			);
			runOnlyForDeploymentPostprocessing = 0;
		};
/* End PBXFrameworksBuildPhase section */

/* Begin PBXGroup section */
		6FE922281DA4ED450051CDD0 = {
			isa = PBXGroup;
			children = (
				6FE922331DA4ED450051CDD0 /* PokemonUnitTest */,
				6FE922481DA4ED450051CDD0 /* PokemonUnitTestTests */,
				6FE922321DA4ED450051CDD0 /* Products */,
			);
			sourceTree = "<group>";
		};
		6FE922321DA4ED450051CDD0 /* Products */ = {
			isa = PBXGroup;
			children = (
				6FE922311DA4ED450051CDD0 /* PokemonUnitTest.app */,
				6FE922451DA4ED450051CDD0 /* PokemonUnitTestTests.xctest */,
			);
			name = Products;
			sourceTree = "<group>";
		};
		6FE922331DA4ED450051CDD0 /* PokemonUnitTest */ = {
			isa = PBXGroup;
			children = (
				6FE922341DA4ED450051CDD0 /* AppDelegate.swift */,
				6FE922361DA4ED450051CDD0 /* ViewController.swift */,
				6FE922541DA4ED760051CDD0 /* Pokemon.swift */,
				6FE922381DA4ED450051CDD0 /* Main.storyboard */,
				6FE9223B1DA4ED450051CDD0 /* Assets.xcassets */,
				6FE9223D1DA4ED450051CDD0 /* LaunchScreen.storyboard */,
				6FE922401DA4ED450051CDD0 /* Info.plist */,
			);
			path = PokemonUnitTest;
			sourceTree = "<group>";
		};
		6FE922481DA4ED450051CDD0 /* PokemonUnitTestTests */ = {
			isa = PBXGroup;
			children = (
				6FE922491DA4ED450051CDD0 /* PokemonUnitTestTests.swift */,
				6FE9224B1DA4ED450051CDD0 /* Info.plist */,
			);
			path = PokemonUnitTestTests;
			sourceTree = "<group>";
		};
/* End PBXGroup section */

/* Begin PBXNativeTarget section */
		6FE922301DA4ED450051CDD0 /* PokemonUnitTest */ = {
			isa = PBXNativeTarget;
			buildConfigurationList = 6FE9224E1DA4ED450051CDD0 /* Build configuration list for PBXNativeTarget "PokemonUnitTest" */;
			buildPhases = (
				6FE9222D1DA4ED450051CDD0 /* Sources */,
				6FE9222E1DA4ED450051CDD0 /* Frameworks */,
				6FE9222F1DA4ED450051CDD0 /* Resources */,
			);
			buildRules = (
			);
			dependencies = (
			);
			name = PokemonUnitTest;
			productName = PokemonUnitTest;
			productReference = 6FE922311DA4ED450051CDD0 /* PokemonUnitTest.app */;
			productType = "com.apple.product-type.application";
		};
		6FE922441DA4ED450051CDD0 /* PokemonUnitTestTests */ = {
			isa = PBXNativeTarget;
			buildConfigurationList = 6FE922511DA4ED450051CDD0 /* Build configuration list for PBXNativeTarget "PokemonUnitTestTests" */;
			buildPhases = (
				6FE922411DA4ED450051CDD0 /* Sources */,
				6FE922421DA4ED450051CDD0 /* Frameworks */,
				6FE922431DA4ED450051CDD0 /* Resources */,
			);
			buildRules = (
			);
			dependencies = (
				6FE922471DA4ED450051CDD0 /* PBXTargetDependency */,
			);
			name = PokemonUnitTestTests;
			productName = PokemonUnitTestTests;
			productReference = 6FE922451DA4ED450051CDD0 /* PokemonUnitTestTests.xctest */;
			productType = "com.apple.product-type.bundle.unit-test";
		};
/* End PBXNativeTarget section */

/* Begin PBXProject section */
		6FE922291DA4ED450051CDD0 /* Project object */ = {
			isa = PBXProject;
			attributes = {
				LastSwiftUpdateCheck = 0730;
				LastUpgradeCheck = 0730;
				ORGANIZATIONNAME = ABNAmro;
				TargetAttributes = {
					6FE922301DA4ED450051CDD0 = {
						CreatedOnToolsVersion = 7.3.1;
					};
					6FE922441DA4ED450051CDD0 = {
						CreatedOnToolsVersion = 7.3.1;
						TestTargetID = 6FE922301DA4ED450051CDD0;
					};
				};
			};
			buildConfigurationList = 6FE9222C1DA4ED450051CDD0 /* Build configuration list for PBXProject "PokemonUnitTest" */;
			compatibilityVersion = "Xcode 3.2";
			developmentRegion = English;
			hasScannedForEncodings = 0;
			knownRegions = (
				en,
				Base,
			);
			mainGroup = 6FE922281DA4ED450051CDD0;
			productRefGroup = 6FE922321DA4ED450051CDD0 /* Products */;
			projectDirPath = "";
			projectRoot = "";
			targets = (
				6FE922301DA4ED450051CDD0 /* PokemonUnitTest */,
				6FE922441DA4ED450051CDD0 /* PokemonUnitTestTests */,
			);
		};
/* End PBXProject section */

/* Begin PBXResourcesBuildPhase section */
		6FE9222F1DA4ED450051CDD0 /* Resources */ = {
			isa = PBXResourcesBuildPhase;
			buildActionMask = 2147483647;
			files = (
				6FE9223F1DA4ED450051CDD0 /* LaunchScreen.storyboard in Resources */,
				6FE9223C1DA4ED450051CDD0 /* Assets.xcassets in Resources */,
				6FE9223A1DA4ED450051CDD0 /* Main.storyboard in Resources */,
			);
			runOnlyForDeploymentPostprocessing = 0;
		};
		6FE922431DA4ED450051CDD0 /* Resources */ = {
			isa = PBXResourcesBuildPhase;
			buildActionMask = 2147483647;
			files = (
			);
			runOnlyForDeploymentPostprocessing = 0;
		};
/* End PBXResourcesBuildPhase section */

/* Begin PBXSourcesBuildPhase section */
		6FE9222D1DA4ED450051CDD0 /* Sources */ = {
			isa = PBXSourcesBuildPhase;
			buildActionMask = 2147483647;
			files = (
				6FE922371DA4ED450051CDD0 /* ViewController.swift in Sources */,
				6FE922351DA4ED450051CDD0 /* AppDelegate.swift in Sources */,
				6FE922551DA4ED760051CDD0 /* Pokemon.swift in Sources */,
			);
			runOnlyForDeploymentPostprocessing = 0;
		};
		6FE922411DA4ED450051CDD0 /* Sources */ = {
			isa = PBXSourcesBuildPhase;
			buildActionMask = 2147483647;
			files = (
				6FE9224A1DA4ED450051CDD0 /* PokemonUnitTestTests.swift in Sources */,
			);
			runOnlyForDeploymentPostprocessing = 0;
		};
/* End PBXSourcesBuildPhase section */

/* Begin PBXTargetDependency section */
		6FE922471DA4ED450051CDD0 /* PBXTargetDependency */ = {
			isa = PBXTargetDependency;
			target = 6FE922301DA4ED450051CDD0 /* PokemonUnitTest */;
			targetProxy = 6FE922461DA4ED450051CDD0 /* PBXContainerItemProxy */;
		};
/* End PBXTargetDependency section */

/* Begin PBXVariantGroup section */
		6FE922381DA4ED450051CDD0 /* Main.storyboard */ = {
			isa = PBXVariantGroup;
			children = (
				6FE922391DA4ED450051CDD0 /* Base */,
			);
			name = Main.storyboard;
			sourceTree = "<group>";
		};
		6FE9223D1DA4ED450051CDD0 /* LaunchScreen.storyboard */ = {
			isa = PBXVariantGroup;
			children = (
				6FE9223E1DA4ED450051CDD0 /* Base */,
			);
			name = LaunchScreen.storyboard;
			sourceTree = "<group>";
		};
/* End PBXVariantGroup section */

/* Begin XCBuildConfiguration section */
		6FE9224C1DA4ED450051CDD0 /* Debug */ = {
			isa = XCBuildConfiguration;
			buildSettings = {
				ALWAYS_SEARCH_USER_PATHS = NO;
				CLANG_ANALYZER_NONNULL = YES;
				CLANG_CXX_LANGUAGE_STANDARD = "gnu++0x";
				CLANG_CXX_LIBRARY = "libc++";
				CLANG_ENABLE_MODULES = YES;
				CLANG_ENABLE_OBJC_ARC = YES;
				CLANG_WARN_BOOL_CONVERSION = YES;
				CLANG_WARN_CONSTANT_CONVERSION = YES;
				CLANG_WARN_DIRECT_OBJC_ISA_USAGE = YES_ERROR;
				CLANG_WARN_EMPTY_BODY = YES;
				CLANG_WARN_ENUM_CONVERSION = YES;
				CLANG_WARN_INT_CONVERSION = YES;
				CLANG_WARN_OBJC_ROOT_CLASS = YES_ERROR;
				CLANG_WARN_UNREACHABLE_CODE = YES;
				CLANG_WARN__DUPLICATE_METHOD_MATCH = YES;
				"CODE_SIGN_IDENTITY[sdk=iphoneos*]" = "iPhone Developer";
				COPY_PHASE_STRIP = NO;
				DEBUG_INFORMATION_FORMAT = dwarf;
				ENABLE_STRICT_OBJC_MSGSEND = YES;
				ENABLE_TESTABILITY = YES;
				GCC_C_LANGUAGE_STANDARD = gnu99;
				GCC_DYNAMIC_NO_PIC = NO;
				GCC_NO_COMMON_BLOCKS = YES;
				GCC_OPTIMIZATION_LEVEL = 0;
				GCC_PREPROCESSOR_DEFINITIONS = (
					"DEBUG=1",
					"$(inherited)",
				);
				GCC_WARN_64_TO_32_BIT_CONVERSION = YES;
				GCC_WARN_ABOUT_RETURN_TYPE = YES_ERROR;
				GCC_WARN_UNDECLARED_SELECTOR = YES;
				GCC_WARN_UNINITIALIZED_AUTOS = YES_AGGRESSIVE;
				GCC_WARN_UNUSED_FUNCTION = YES;
				GCC_WARN_UNUSED_VARIABLE = YES;
				IPHONEOS_DEPLOYMENT_TARGET = 9.3;
				MTL_ENABLE_DEBUG_INFO = YES;
				ONLY_ACTIVE_ARCH = YES;
				SDKROOT = iphoneos;
				SWIFT_OPTIMIZATION_LEVEL = "-Onone";
				TARGETED_DEVICE_FAMILY = "1,2";
			};
			name = Debug;
		};
		6FE9224D1DA4ED450051CDD0 /* Release */ = {
			isa = XCBuildConfiguration;
			buildSettings = {
				ALWAYS_SEARCH_USER_PATHS = NO;
				CLANG_ANALYZER_NONNULL = YES;
				CLANG_CXX_LANGUAGE_STANDARD = "gnu++0x";
				CLANG_CXX_LIBRARY = "libc++";
				CLANG_ENABLE_MODULES = YES;
				CLANG_ENABLE_OBJC_ARC = YES;
				CLANG_WARN_BOOL_CONVERSION = YES;
				CLANG_WARN_CONSTANT_CONVERSION = YES;
				CLANG_WARN_DIRECT_OBJC_ISA_USAGE = YES_ERROR;
				CLANG_WARN_EMPTY_BODY = YES;
				CLANG_WARN_ENUM_CONVERSION = YES;
				CLANG_WARN_INT_CONVERSION = YES;
				CLANG_WARN_OBJC_ROOT_CLASS = YES_ERROR;
				CLANG_WARN_UNREACHABLE_CODE = YES;
				CLANG_WARN__DUPLICATE_METHOD_MATCH = YES;
				"CODE_SIGN_IDENTITY[sdk=iphoneos*]" = "iPhone Developer";
				COPY_PHASE_STRIP = NO;
				DEBUG_INFORMATION_FORMAT = "dwarf-with-dsym";
				ENABLE_NS_ASSERTIONS = NO;
				ENABLE_STRICT_OBJC_MSGSEND = YES;
				GCC_C_LANGUAGE_STANDARD = gnu99;
				GCC_NO_COMMON_BLOCKS = YES;
				GCC_WARN_64_TO_32_BIT_CONVERSION = YES;
				GCC_WARN_ABOUT_RETURN_TYPE = YES_ERROR;
				GCC_WARN_UNDECLARED_SELECTOR = YES;
				GCC_WARN_UNINITIALIZED_AUTOS = YES_AGGRESSIVE;
				GCC_WARN_UNUSED_FUNCTION = YES;
				GCC_WARN_UNUSED_VARIABLE = YES;
				IPHONEOS_DEPLOYMENT_TARGET = 9.3;
				MTL_ENABLE_DEBUG_INFO = NO;
				SDKROOT = iphoneos;
				TARGETED_DEVICE_FAMILY = "1,2";
				VALIDATE_PRODUCT = YES;
			};
			name = Release;
		};
		6FE9224F1DA4ED450051CDD0 /* Debug */ = {
			isa = XCBuildConfiguration;
			buildSettings = {
				ASSETCATALOG_COMPILER_APPICON_NAME = AppIcon;
				INFOPLIST_FILE = PokemonUnitTest/Info.plist;
				LD_RUNPATH_SEARCH_PATHS = "$(inherited) @executable_path/Frameworks";
				PRODUCT_BUNDLE_IDENTIFIER = ABNAmro.PokemonUnitTest;
				PRODUCT_NAME = "$(TARGET_NAME)";
			};
			name = Debug;
		};
		6FE922501DA4ED450051CDD0 /* Release */ = {
			isa = XCBuildConfiguration;
			buildSettings = {
				ASSETCATALOG_COMPILER_APPICON_NAME = AppIcon;
				INFOPLIST_FILE = PokemonUnitTest/Info.plist;
				LD_RUNPATH_SEARCH_PATHS = "$(inherited) @executable_path/Frameworks";
				PRODUCT_BUNDLE_IDENTIFIER = ABNAmro.PokemonUnitTest;
				PRODUCT_NAME = "$(TARGET_NAME)";
			};
			name = Release;
		};
		6FE922521DA4ED450051CDD0 /* Debug */ = {
			isa = XCBuildConfiguration;
			buildSettings = {
				BUNDLE_LOADER = "$(TEST_HOST)";
				INFOPLIST_FILE = PokemonUnitTestTests/Info.plist;
				LD_RUNPATH_SEARCH_PATHS = "$(inherited) @executable_path/Frameworks @loader_path/Frameworks";
				PRODUCT_BUNDLE_IDENTIFIER = ABNAmro.PokemonUnitTestTests;
				PRODUCT_NAME = "$(TARGET_NAME)";
				TEST_HOST = "$(BUILT_PRODUCTS_DIR)/PokemonUnitTest.app/PokemonUnitTest";
			};
			name = Debug;
		};
		6FE922531DA4ED450051CDD0 /* Release */ = {
			isa = XCBuildConfiguration;
			buildSettings = {
				BUNDLE_LOADER = "$(TEST_HOST)";
				INFOPLIST_FILE = PokemonUnitTestTests/Info.plist;
				LD_RUNPATH_SEARCH_PATHS = "$(inherited) @executable_path/Frameworks @loader_path/Frameworks";
				PRODUCT_BUNDLE_IDENTIFIER = ABNAmro.PokemonUnitTestTests;
				PRODUCT_NAME = "$(TARGET_NAME)";
				TEST_HOST = "$(BUILT_PRODUCTS_DIR)/PokemonUnitTest.app/PokemonUnitTest";
			};
			name = Release;
		};
/* End XCBuildConfiguration section */

/* Begin XCConfigurationList section */
		6FE9222C1DA4ED450051CDD0 /* Build configuration list for PBXProject "PokemonUnitTest" */ = {
			isa = XCConfigurationList;
			buildConfigurations = (
				6FE9224C1DA4ED450051CDD0 /* Debug */,
				6FE9224D1DA4ED450051CDD0 /* Release */,
			);
			defaultConfigurationIsVisible = 0;
			defaultConfigurationName = Release;
		};
		6FE9224E1DA4ED450051CDD0 /* Build configuration list for PBXNativeTarget "PokemonUnitTest" */ = {
			isa = XCConfigurationList;
			buildConfigurations = (
				6FE9224F1DA4ED450051CDD0 /* Debug */,
				6FE922501DA4ED450051CDD0 /* Release */,
			);
			defaultConfigurationIsVisible = 0;
		};
		6FE922511DA4ED450051CDD0 /* Build configuration list for PBXNativeTarget "PokemonUnitTestTests" */ = {
			isa = XCConfigurationList;
			buildConfigurations = (
				6FE922521DA4ED450051CDD0 /* Debug */,
				6FE922531DA4ED450051CDD0 /* Release */,
			);
			defaultConfigurationIsVisible = 0;
		};
/* End XCConfigurationList section */
	};
	rootObject = 6FE922291DA4ED450051CDD0 /* Project object */;
}
